{
  "name": "objects",
  "lockfileVersion": 3,
  "requires": true,
  "packages": {
    "": {
      "dependencies": {
        "rdfjs-wrapper": "^0.29.0"
      }
    },
    "node_modules/rdfjs-wrapper": {
      "version": "0.29.0",
      "resolved": "https://registry.npmjs.org/rdfjs-wrapper/-/rdfjs-wrapper-0.29.0.tgz",
      "integrity": "sha512-wS++vcv89qV9IqFIhha2b11ug0Rc4biz9Wbfm8gQ1BWwwqs+SRyKcH14T2Emer08lNX59+cbsjMEYGfURSd/zQ==",
      "deprecated": "Please use @rdfjs/wrapper instead.",
      "license": "MIT",
      "engines": {
        "node": ">=24.0.0"
      }
    }
  }
}
